// !$*UTF8*$!
{
	archiveVersion = 1;
	classes = {
	};
	objectVersion = 46;
	objects = {

/* Begin PBXBuildFile section */
		DE3908F21C67D772005A38D3 /* IO_KeyboardListener.swift in Sources */ = {isa = PBXBuildFile; fileRef = DE3908F11C67D772005A38D3 /* IO_KeyboardListener.swift */; };
		DE4FF7131C638148004CD87A /* IO_IOS_Helpers.bundle in Resources */ = {isa = PBXBuildFile; fileRef = DE4FF7111C637F23004CD87A /* IO_IOS_Helpers.bundle */; };
		DE4FF7151C638A10004CD87A /* IO_ServerSync.swift in Sources */ = {isa = PBXBuildFile; fileRef = DE4FF7141C638A10004CD87A /* IO_ServerSync.swift */; };
		DE4FF7171C638A37004CD87A /* SystemConfiguration.framework in Frameworks */ = {isa = PBXBuildFile; fileRef = DE4FF7161C638A37004CD87A /* SystemConfiguration.framework */; };
		DE4FF7191C639C7F004CD87A /* IO_Timer.swift in Sources */ = {isa = PBXBuildFile; fileRef = DE4FF7181C639C7F004CD87A /* IO_Timer.swift */; };
		DE4FF7221C63A655004CD87A /* iocoredatahelper.h in Headers */ = {isa = PBXBuildFile; fileRef = DE4FF7211C63A655004CD87A /* iocoredatahelper.h */; settings = {ATTRIBUTES = (Public, ); }; };
		DE4FF7291C63A655004CD87A /* IO_CoreData_Helper.framework in Frameworks */ = {isa = PBXBuildFile; fileRef = DE4FF71F1C63A655004CD87A /* IO_CoreData_Helper.framework */; };
		DE4FF72E1C63A655004CD87A /* iocoredatahelperTests.swift in Sources */ = {isa = PBXBuildFile; fileRef = DE4FF72D1C63A655004CD87A /* iocoredatahelperTests.swift */; };
		DE4FF7381C63AA43004CD87A /* CoreData.framework in Frameworks */ = {isa = PBXBuildFile; fileRef = DE4FF7371C63AA43004CD87A /* CoreData.framework */; };
		DE4FF73B1C63B1EF004CD87A /* IO_DataManagament.swift in Sources */ = {isa = PBXBuildFile; fileRef = DE4FF7391C63AA92004CD87A /* IO_DataManagament.swift */; };
		DE4FF74B1C63B688004CD87A /* IO_Left_Menu.framework in Frameworks */ = {isa = PBXBuildFile; fileRef = DE4FF7411C63B688004CD87A /* IO_Left_Menu.framework */; };
		DE4FF7501C63B688004CD87A /* ioleftmenuTests.swift in Sources */ = {isa = PBXBuildFile; fileRef = DE4FF74F1C63B688004CD87A /* ioleftmenuTests.swift */; };
		DE4FF7591C63B858004CD87A /* ioleftmenu.h in Headers */ = {isa = PBXBuildFile; fileRef = DE4FF7431C63B688004CD87A /* ioleftmenu.h */; settings = {ATTRIBUTES = (Public, ); }; };
		DE4FF75E1C63B89A004CD87A /* IO_LeftMenuTableViewCell.swift in Sources */ = {isa = PBXBuildFile; fileRef = DE4FF75A1C63B893004CD87A /* IO_LeftMenuTableViewCell.swift */; };
		DE4FF75F1C63B89B004CD87A /* IO_LeftMenuView.swift in Sources */ = {isa = PBXBuildFile; fileRef = DE4FF75B1C63B893004CD87A /* IO_LeftMenuView.swift */; };
		DE4FF7631C63BCD9004CD87A /* IO_NavigationControllerWithMenu.swift in Sources */ = {isa = PBXBuildFile; fileRef = DE4FF7621C63BCD9004CD87A /* IO_NavigationControllerWithMenu.swift */; };
		DE529B8E1C64B5F2002F7A84 /* UIKit.framework in Frameworks */ = {isa = PBXBuildFile; fileRef = DE529B8D1C64B5F2002F7A84 /* UIKit.framework */; };
		DE529B901C64B60D002F7A84 /* Foundation.framework in Frameworks */ = {isa = PBXBuildFile; fileRef = DE529B8F1C64B60D002F7A84 /* Foundation.framework */; };
		DE529BC91C64C549002F7A84 /* Foundation.framework in Frameworks */ = {isa = PBXBuildFile; fileRef = DE529B8F1C64B60D002F7A84 /* Foundation.framework */; };
		DE529BCB1C64C59B002F7A84 /* Foundation.framework in Frameworks */ = {isa = PBXBuildFile; fileRef = DE529B8F1C64B60D002F7A84 /* Foundation.framework */; };
		DE529BCC1C64C5A0002F7A84 /* UIKit.framework in Frameworks */ = {isa = PBXBuildFile; fileRef = DE529B8D1C64B5F2002F7A84 /* UIKit.framework */; };
		DE8EF1341C63501300739B0E /* IO_MediaCaching.swift in Sources */ = {isa = PBXBuildFile; fileRef = DE8EF1331C63501300739B0E /* IO_MediaCaching.swift */; };
		DEE9283D1C629EB000326DAC /* IO_IOS_Helpers.framework in Frameworks */ = {isa = PBXBuildFile; fileRef = DEE928321C629EB000326DAC /* IO_IOS_Helpers.framework */; };
		DEE9284F1C62A0FB00326DAC /* IO_DateTime.swift in Sources */ = {isa = PBXBuildFile; fileRef = DEE9284E1C62A0FB00326DAC /* IO_DateTime.swift */; };
		DEE928511C62A17600326DAC /* IO_Encryption.swift in Sources */ = {isa = PBXBuildFile; fileRef = DEE928501C62A17600326DAC /* IO_Encryption.swift */; };
		DEE928531C62A21D00326DAC /* IO_Common.swift in Sources */ = {isa = PBXBuildFile; fileRef = DEE928521C62A21D00326DAC /* IO_Common.swift */; };
		DEE928551C62A2A900326DAC /* IO_Json.swift in Sources */ = {isa = PBXBuildFile; fileRef = DEE928541C62A2A900326DAC /* IO_Json.swift */; };
		DEE928571C62A2E900326DAC /* IO_StreamReader.swift in Sources */ = {isa = PBXBuildFile; fileRef = DEE928561C62A2E900326DAC /* IO_StreamReader.swift */; };
		DEE9285D1C62A5FA00326DAC /* Security.framework in Frameworks */ = {isa = PBXBuildFile; fileRef = DEE9285C1C62A5FA00326DAC /* Security.framework */; };
		DEE92DD61C62C00A00326DAC /* ioshelpers.h in Headers */ = {isa = PBXBuildFile; fileRef = DEE92DD41C62C00A00326DAC /* ioshelpers.h */; settings = {ATTRIBUTES = (Public, ); }; };
		DEE92DD81C62C02600326DAC /* ioshelpersTests.swift in Sources */ = {isa = PBXBuildFile; fileRef = DEE92DD71C62C02600326DAC /* ioshelpersTests.swift */; };
/* End PBXBuildFile section */

/* Begin PBXContainerItemProxy section */
		DE4FF72A1C63A655004CD87A /* PBXContainerItemProxy */ = {
			isa = PBXContainerItemProxy;
			containerPortal = DEE928291C629EB000326DAC /* Project object */;
			proxyType = 1;
			remoteGlobalIDString = DE4FF71E1C63A655004CD87A;
			remoteInfo = iocoredatahelper;
		};
		DE4FF74C1C63B688004CD87A /* PBXContainerItemProxy */ = {
			isa = PBXContainerItemProxy;
			containerPortal = DEE928291C629EB000326DAC /* Project object */;
			proxyType = 1;
			remoteGlobalIDString = DE4FF7401C63B687004CD87A;
			remoteInfo = ioleftmenu;
		};
		DEE9283E1C629EB000326DAC /* PBXContainerItemProxy */ = {
			isa = PBXContainerItemProxy;
			containerPortal = DEE928291C629EB000326DAC /* Project object */;
			proxyType = 1;
			remoteGlobalIDString = DEE928311C629EB000326DAC;
			remoteInfo = ioshelpers;
		};
/* End PBXContainerItemProxy section */

/* Begin PBXFileReference section */
		DE3908F11C67D772005A38D3 /* IO_KeyboardListener.swift */ = {isa = PBXFileReference; fileEncoding = 4; lastKnownFileType = sourcecode.swift; path = IO_KeyboardListener.swift; sourceTree = "<group>"; };
		DE4FF70C1C636A2C004CD87A /* README.md */ = {isa = PBXFileReference; fileEncoding = 4; lastKnownFileType = net.daringfireball.markdown; path = README.md; sourceTree = "<group>"; };
		DE4FF7111C637F23004CD87A /* IO_IOS_Helpers.bundle */ = {isa = PBXFileReference; lastKnownFileType = "wrapper.plug-in"; name = IO_IOS_Helpers.bundle; path = BuildScripts/IO_IOS_Helpers.bundle; sourceTree = "<group>"; };
		DE4FF7141C638A10004CD87A /* IO_ServerSync.swift */ = {isa = PBXFileReference; fileEncoding = 4; lastKnownFileType = sourcecode.swift; path = IO_ServerSync.swift; sourceTree = "<group>"; };
		DE4FF7161C638A37004CD87A /* SystemConfiguration.framework */ = {isa = PBXFileReference; lastKnownFileType = wrapper.framework; name = SystemConfiguration.framework; path = System/Library/Frameworks/SystemConfiguration.framework; sourceTree = SDKROOT; };
		DE4FF7181C639C7F004CD87A /* IO_Timer.swift */ = {isa = PBXFileReference; fileEncoding = 4; lastKnownFileType = sourcecode.swift; path = IO_Timer.swift; sourceTree = "<group>"; };
		DE4FF71F1C63A655004CD87A /* IO_CoreData_Helper.framework */ = {isa = PBXFileReference; explicitFileType = wrapper.framework; includeInIndex = 0; path = IO_CoreData_Helper.framework; sourceTree = BUILT_PRODUCTS_DIR; };
		DE4FF7211C63A655004CD87A /* iocoredatahelper.h */ = {isa = PBXFileReference; lastKnownFileType = sourcecode.c.h; path = iocoredatahelper.h; sourceTree = "<group>"; };
		DE4FF7231C63A655004CD87A /* Info.plist */ = {isa = PBXFileReference; lastKnownFileType = text.plist.xml; path = Info.plist; sourceTree = "<group>"; };
		DE4FF7281C63A655004CD87A /* iocoredatahelperTests.xctest */ = {isa = PBXFileReference; explicitFileType = wrapper.cfbundle; includeInIndex = 0; path = iocoredatahelperTests.xctest; sourceTree = BUILT_PRODUCTS_DIR; };
		DE4FF72D1C63A655004CD87A /* iocoredatahelperTests.swift */ = {isa = PBXFileReference; lastKnownFileType = sourcecode.swift; path = iocoredatahelperTests.swift; sourceTree = "<group>"; };
		DE4FF72F1C63A655004CD87A /* Info.plist */ = {isa = PBXFileReference; lastKnownFileType = text.plist.xml; path = Info.plist; sourceTree = "<group>"; };
		DE4FF7371C63AA43004CD87A /* CoreData.framework */ = {isa = PBXFileReference; lastKnownFileType = wrapper.framework; name = CoreData.framework; path = System/Library/Frameworks/CoreData.framework; sourceTree = SDKROOT; };
		DE4FF7391C63AA92004CD87A /* IO_DataManagament.swift */ = {isa = PBXFileReference; fileEncoding = 4; lastKnownFileType = sourcecode.swift; path = IO_DataManagament.swift; sourceTree = "<group>"; };
		DE4FF7411C63B688004CD87A /* IO_Left_Menu.framework */ = {isa = PBXFileReference; explicitFileType = wrapper.framework; includeInIndex = 0; path = IO_Left_Menu.framework; sourceTree = BUILT_PRODUCTS_DIR; };
		DE4FF7431C63B688004CD87A /* ioleftmenu.h */ = {isa = PBXFileReference; lastKnownFileType = sourcecode.c.h; path = ioleftmenu.h; sourceTree = "<group>"; };
		DE4FF7451C63B688004CD87A /* Info.plist */ = {isa = PBXFileReference; lastKnownFileType = text.plist.xml; path = Info.plist; sourceTree = "<group>"; };
		DE4FF74A1C63B688004CD87A /* ioleftmenuTests.xctest */ = {isa = PBXFileReference; explicitFileType = wrapper.cfbundle; includeInIndex = 0; path = ioleftmenuTests.xctest; sourceTree = BUILT_PRODUCTS_DIR; };
		DE4FF74F1C63B688004CD87A /* ioleftmenuTests.swift */ = {isa = PBXFileReference; lastKnownFileType = sourcecode.swift; path = ioleftmenuTests.swift; sourceTree = "<group>"; };
		DE4FF7511C63B688004CD87A /* Info.plist */ = {isa = PBXFileReference; lastKnownFileType = text.plist.xml; path = Info.plist; sourceTree = "<group>"; };
		DE4FF75A1C63B893004CD87A /* IO_LeftMenuTableViewCell.swift */ = {isa = PBXFileReference; fileEncoding = 4; lastKnownFileType = sourcecode.swift; path = IO_LeftMenuTableViewCell.swift; sourceTree = "<group>"; };
		DE4FF75B1C63B893004CD87A /* IO_LeftMenuView.swift */ = {isa = PBXFileReference; fileEncoding = 4; lastKnownFileType = sourcecode.swift; path = IO_LeftMenuView.swift; sourceTree = "<group>"; };
		DE4FF7601C63B8E6004CD87A /* IO_LeftMenuView.xib */ = {isa = PBXFileReference; fileEncoding = 4; lastKnownFileType = file.xib; name = IO_LeftMenuView.xib; path = BuildScripts/IO_LeftMenuView.xib; sourceTree = "<group>"; };
		DE4FF7621C63BCD9004CD87A /* IO_NavigationControllerWithMenu.swift */ = {isa = PBXFileReference; fileEncoding = 4; lastKnownFileType = sourcecode.swift; path = IO_NavigationControllerWithMenu.swift; sourceTree = "<group>"; };
		DE529B8D1C64B5F2002F7A84 /* UIKit.framework */ = {isa = PBXFileReference; lastKnownFileType = wrapper.framework; name = UIKit.framework; path = System/Library/Frameworks/UIKit.framework; sourceTree = SDKROOT; };
		DE529B8F1C64B60D002F7A84 /* Foundation.framework */ = {isa = PBXFileReference; lastKnownFileType = wrapper.framework; name = Foundation.framework; path = System/Library/Frameworks/Foundation.framework; sourceTree = SDKROOT; };
		DE8EF12A1C633CDB00739B0E /* Build.sh */ = {isa = PBXFileReference; lastKnownFileType = text.script.sh; name = Build.sh; path = BuildScripts/Build.sh; sourceTree = "<group>"; };
		DE8EF12D1C633D3400739B0E /* Settings.bundle */ = {isa = PBXFileReference; lastKnownFileType = "wrapper.plug-in"; name = Settings.bundle; path = BuildScripts/Settings.bundle; sourceTree = "<group>"; };
		DE8EF1331C63501300739B0E /* IO_MediaCaching.swift */ = {isa = PBXFileReference; fileEncoding = 4; lastKnownFileType = sourcecode.swift; path = IO_MediaCaching.swift; sourceTree = "<group>"; };
		DEE928321C629EB000326DAC /* IO_IOS_Helpers.framework */ = {isa = PBXFileReference; explicitFileType = wrapper.framework; includeInIndex = 0; path = IO_IOS_Helpers.framework; sourceTree = BUILT_PRODUCTS_DIR; };
		DEE9283C1C629EB000326DAC /* ioshelpersTests.xctest */ = {isa = PBXFileReference; explicitFileType = wrapper.cfbundle; includeInIndex = 0; path = ioshelpersTests.xctest; sourceTree = BUILT_PRODUCTS_DIR; };
		DEE9284E1C62A0FB00326DAC /* IO_DateTime.swift */ = {isa = PBXFileReference; fileEncoding = 4; lastKnownFileType = sourcecode.swift; path = IO_DateTime.swift; sourceTree = "<group>"; };
		DEE928501C62A17600326DAC /* IO_Encryption.swift */ = {isa = PBXFileReference; fileEncoding = 4; lastKnownFileType = sourcecode.swift; path = IO_Encryption.swift; sourceTree = "<group>"; };
		DEE928521C62A21D00326DAC /* IO_Common.swift */ = {isa = PBXFileReference; fileEncoding = 4; lastKnownFileType = sourcecode.swift; path = IO_Common.swift; sourceTree = "<group>"; };
		DEE928541C62A2A900326DAC /* IO_Json.swift */ = {isa = PBXFileReference; fileEncoding = 4; lastKnownFileType = sourcecode.swift; path = IO_Json.swift; sourceTree = "<group>"; };
		DEE928561C62A2E900326DAC /* IO_StreamReader.swift */ = {isa = PBXFileReference; fileEncoding = 4; lastKnownFileType = sourcecode.swift; path = IO_StreamReader.swift; sourceTree = "<group>"; };
		DEE9285C1C62A5FA00326DAC /* Security.framework */ = {isa = PBXFileReference; lastKnownFileType = wrapper.framework; name = Security.framework; path = System/Library/Frameworks/Security.framework; sourceTree = SDKROOT; };
		DEE9285E1C62A6BA00326DAC /* IO_IOS_Helpers-Bridging.h */ = {isa = PBXFileReference; lastKnownFileType = sourcecode.c.h; path = "IO_IOS_Helpers-Bridging.h"; sourceTree = "<group>"; };
		DEE92DD41C62C00A00326DAC /* ioshelpers.h */ = {isa = PBXFileReference; fileEncoding = 4; lastKnownFileType = sourcecode.c.h; path = ioshelpers.h; sourceTree = "<group>"; };
		DEE92DD71C62C02600326DAC /* ioshelpersTests.swift */ = {isa = PBXFileReference; fileEncoding = 4; lastKnownFileType = sourcecode.swift; path = ioshelpersTests.swift; sourceTree = "<group>"; };
		DEE92DD91C62C02E00326DAC /* Info.plist */ = {isa = PBXFileReference; fileEncoding = 4; lastKnownFileType = text.plist.xml; path = Info.plist; sourceTree = "<group>"; };
		DEE92DDB1C62C07100326DAC /* Info.plist */ = {isa = PBXFileReference; fileEncoding = 4; lastKnownFileType = text.plist.xml; path = Info.plist; sourceTree = "<group>"; };
		DEF5424F1C7BC4F10002148C /* .travis.yml */ = {isa = PBXFileReference; lastKnownFileType = text; path = .travis.yml; sourceTree = "<group>"; };
		DEF542511C7BC6800002148C /* before_script.sh */ = {isa = PBXFileReference; lastKnownFileType = text.script.sh; name = before_script.sh; path = Travis/before_script.sh; sourceTree = "<group>"; };
		DEF542521C7BC6A00002148C /* script.sh */ = {isa = PBXFileReference; lastKnownFileType = text.script.sh; name = script.sh; path = Travis/script.sh; sourceTree = "<group>"; };
/* End PBXFileReference section */

/* Begin PBXFrameworksBuildPhase section */
		DE4FF71B1C63A655004CD87A /* Frameworks */ = {
			isa = PBXFrameworksBuildPhase;
			buildActionMask = 2147483647;
			files = (
				DE529BC91C64C549002F7A84 /* Foundation.framework in Frameworks */,
				DE4FF7381C63AA43004CD87A /* CoreData.framework in Frameworks */,
			);
			runOnlyForDeploymentPostprocessing = 0;
		};
		DE4FF7251C63A655004CD87A /* Frameworks */ = {
			isa = PBXFrameworksBuildPhase;
			buildActionMask = 2147483647;
			files = (
				DE4FF7291C63A655004CD87A /* IO_CoreData_Helper.framework in Frameworks */,
			);
			runOnlyForDeploymentPostprocessing = 0;
		};
		DE4FF73D1C63B687004CD87A /* Frameworks */ = {
			isa = PBXFrameworksBuildPhase;
			buildActionMask = 2147483647;
			files = (
				DE529B901C64B60D002F7A84 /* Foundation.framework in Frameworks */,
				DE529B8E1C64B5F2002F7A84 /* UIKit.framework in Frameworks */,
			);
			runOnlyForDeploymentPostprocessing = 0;
		};
		DE4FF7471C63B688004CD87A /* Frameworks */ = {
			isa = PBXFrameworksBuildPhase;
			buildActionMask = 2147483647;
			files = (
				DE4FF74B1C63B688004CD87A /* IO_Left_Menu.framework in Frameworks */,
			);
			runOnlyForDeploymentPostprocessing = 0;
		};
		DEE9282E1C629EB000326DAC /* Frameworks */ = {
			isa = PBXFrameworksBuildPhase;
			buildActionMask = 2147483647;
			files = (
				DE529BCC1C64C5A0002F7A84 /* UIKit.framework in Frameworks */,
				DE529BCB1C64C59B002F7A84 /* Foundation.framework in Frameworks */,
				DE4FF7171C638A37004CD87A /* SystemConfiguration.framework in Frameworks */,
				DEE9285D1C62A5FA00326DAC /* Security.framework in Frameworks */,
			);
			runOnlyForDeploymentPostprocessing = 0;
		};
		DEE928391C629EB000326DAC /* Frameworks */ = {
			isa = PBXFrameworksBuildPhase;
			buildActionMask = 2147483647;
			files = (
				DEE9283D1C629EB000326DAC /* IO_IOS_Helpers.framework in Frameworks */,
			);
			runOnlyForDeploymentPostprocessing = 0;
		};
/* End PBXFrameworksBuildPhase section */

/* Begin PBXGroup section */
		DE4FF7201C63A655004CD87A /* iocoredatahelper */ = {
			isa = PBXGroup;
			children = (
				DE4FF7391C63AA92004CD87A /* IO_DataManagament.swift */,
				DE4FF7211C63A655004CD87A /* iocoredatahelper.h */,
				DE4FF7231C63A655004CD87A /* Info.plist */,
			);
			path = iocoredatahelper;
			sourceTree = "<group>";
		};
		DE4FF72C1C63A655004CD87A /* iocoredatahelperTests */ = {
			isa = PBXGroup;
			children = (
				DE4FF72D1C63A655004CD87A /* iocoredatahelperTests.swift */,
				DE4FF72F1C63A655004CD87A /* Info.plist */,
			);
			path = iocoredatahelperTests;
			sourceTree = "<group>";
		};
		DE4FF7421C63B688004CD87A /* ioleftmenu */ = {
			isa = PBXGroup;
			children = (
				DE4FF75A1C63B893004CD87A /* IO_LeftMenuTableViewCell.swift */,
				DE4FF75B1C63B893004CD87A /* IO_LeftMenuView.swift */,
				DE4FF7621C63BCD9004CD87A /* IO_NavigationControllerWithMenu.swift */,
				DE4FF7431C63B688004CD87A /* ioleftmenu.h */,
				DE4FF7451C63B688004CD87A /* Info.plist */,
			);
			path = ioleftmenu;
			sourceTree = "<group>";
		};
		DE4FF74E1C63B688004CD87A /* ioleftmenuTests */ = {
			isa = PBXGroup;
			children = (
				DE4FF74F1C63B688004CD87A /* ioleftmenuTests.swift */,
				DE4FF7511C63B688004CD87A /* Info.plist */,
			);
			path = ioleftmenuTests;
			sourceTree = "<group>";
		};
		DE529BCA1C64C57B002F7A84 /* Frameworks */ = {
			isa = PBXGroup;
			children = (
				DE529B8F1C64B60D002F7A84 /* Foundation.framework */,
				DE529B8D1C64B5F2002F7A84 /* UIKit.framework */,
				DE4FF7371C63AA43004CD87A /* CoreData.framework */,
				DE4FF7161C638A37004CD87A /* SystemConfiguration.framework */,
				DEE9285C1C62A5FA00326DAC /* Security.framework */,
			);
			name = Frameworks;
			sourceTree = "<group>";
		};
		DE8EF1291C633C9B00739B0E /* BuildScripts */ = {
			isa = PBXGroup;
			children = (
				DE4FF7601C63B8E6004CD87A /* IO_LeftMenuView.xib */,
				DE4FF7111C637F23004CD87A /* IO_IOS_Helpers.bundle */,
				DE8EF12D1C633D3400739B0E /* Settings.bundle */,
				DE8EF12A1C633CDB00739B0E /* Build.sh */,
			);
			name = BuildScripts;
			sourceTree = "<group>";
		};
		DEE928281C629EB000326DAC = {
			isa = PBXGroup;
			children = (
				DE8EF1291C633C9B00739B0E /* BuildScripts */,
				DEE928341C629EB000326DAC /* ioshelpers */,
				DEE928401C629EB000326DAC /* ioshelpersTests */,
				DE4FF7201C63A655004CD87A /* iocoredatahelper */,
				DE4FF72C1C63A655004CD87A /* iocoredatahelperTests */,
				DE4FF7421C63B688004CD87A /* ioleftmenu */,
				DE4FF74E1C63B688004CD87A /* ioleftmenuTests */,
				DEE928331C629EB000326DAC /* Products */,
				DE529BCA1C64C57B002F7A84 /* Frameworks */,
				DEF542501C7BC6520002148C /* Travis */,
				DE4FF70C1C636A2C004CD87A /* README.md */,
				DEF5424F1C7BC4F10002148C /* .travis.yml */,
			);
			sourceTree = "<group>";
		};
		DEE928331C629EB000326DAC /* Products */ = {
			isa = PBXGroup;
			children = (
				DEE928321C629EB000326DAC /* IO_IOS_Helpers.framework */,
				DEE9283C1C629EB000326DAC /* ioshelpersTests.xctest */,
				DE4FF71F1C63A655004CD87A /* IO_CoreData_Helper.framework */,
				DE4FF7281C63A655004CD87A /* iocoredatahelperTests.xctest */,
				DE4FF7411C63B688004CD87A /* IO_Left_Menu.framework */,
				DE4FF74A1C63B688004CD87A /* ioleftmenuTests.xctest */,
			);
			name = Products;
			sourceTree = "<group>";
		};
		DEE928341C629EB000326DAC /* ioshelpers */ = {
			isa = PBXGroup;
			children = (
				DE4FF7181C639C7F004CD87A /* IO_Timer.swift */,
				DE4FF7141C638A10004CD87A /* IO_ServerSync.swift */,
				DE8EF1331C63501300739B0E /* IO_MediaCaching.swift */,
				DEE928561C62A2E900326DAC /* IO_StreamReader.swift */,
				DEE928541C62A2A900326DAC /* IO_Json.swift */,
				DEE928521C62A21D00326DAC /* IO_Common.swift */,
				DEE928501C62A17600326DAC /* IO_Encryption.swift */,
				DEE9284E1C62A0FB00326DAC /* IO_DateTime.swift */,
				DE3908F11C67D772005A38D3 /* IO_KeyboardListener.swift */,
				DEE9285E1C62A6BA00326DAC /* IO_IOS_Helpers-Bridging.h */,
				DEE92DD41C62C00A00326DAC /* ioshelpers.h */,
				DEE92DD91C62C02E00326DAC /* Info.plist */,
			);
			path = ioshelpers;
			sourceTree = "<group>";
		};
		DEE928401C629EB000326DAC /* ioshelpersTests */ = {
			isa = PBXGroup;
			children = (
				DEE92DDB1C62C07100326DAC /* Info.plist */,
				DEE92DD71C62C02600326DAC /* ioshelpersTests.swift */,
			);
			path = ioshelpersTests;
			sourceTree = "<group>";
		};
		DEF542501C7BC6520002148C /* Travis */ = {
			isa = PBXGroup;
			children = (
				DEF542511C7BC6800002148C /* before_script.sh */,
				DEF542521C7BC6A00002148C /* script.sh */,
			);
			name = Travis;
			sourceTree = "<group>";
		};
/* End PBXGroup section */

/* Begin PBXHeadersBuildPhase section */
		DE4FF71C1C63A655004CD87A /* Headers */ = {
			isa = PBXHeadersBuildPhase;
			buildActionMask = 2147483647;
			files = (
				DE4FF7221C63A655004CD87A /* iocoredatahelper.h in Headers */,
			);
			runOnlyForDeploymentPostprocessing = 0;
		};
		DE4FF73E1C63B687004CD87A /* Headers */ = {
			isa = PBXHeadersBuildPhase;
			buildActionMask = 2147483647;
			files = (
				DE4FF7591C63B858004CD87A /* ioleftmenu.h in Headers */,
			);
			runOnlyForDeploymentPostprocessing = 0;
		};
		DEE9282F1C629EB000326DAC /* Headers */ = {
			isa = PBXHeadersBuildPhase;
			buildActionMask = 2147483647;
			files = (
				DEE92DD61C62C00A00326DAC /* ioshelpers.h in Headers */,
			);
			runOnlyForDeploymentPostprocessing = 0;
		};
/* End PBXHeadersBuildPhase section */

/* Begin PBXNativeTarget section */
		DE4FF71E1C63A655004CD87A /* IO_CoreData_Helper */ = {
			isa = PBXNativeTarget;
			buildConfigurationList = DE4FF7301C63A655004CD87A /* Build configuration list for PBXNativeTarget "IO_CoreData_Helper" */;
			buildPhases = (
				DE4FF71A1C63A655004CD87A /* Sources */,
				DE4FF71B1C63A655004CD87A /* Frameworks */,
				DE4FF71C1C63A655004CD87A /* Headers */,
				DE4FF71D1C63A655004CD87A /* Resources */,
				DE4FF7361C63A685004CD87A /* ShellScript */,
			);
			buildRules = (
			);
			dependencies = (
			);
			name = IO_CoreData_Helper;
			productName = iocoredatahelper;
			productReference = DE4FF71F1C63A655004CD87A /* IO_CoreData_Helper.framework */;
			productType = "com.apple.product-type.framework";
		};
		DE4FF7271C63A655004CD87A /* iocoredatahelperTests */ = {
			isa = PBXNativeTarget;
			buildConfigurationList = DE4FF7331C63A655004CD87A /* Build configuration list for PBXNativeTarget "iocoredatahelperTests" */;
			buildPhases = (
				DE4FF7241C63A655004CD87A /* Sources */,
				DE4FF7251C63A655004CD87A /* Frameworks */,
				DE4FF7261C63A655004CD87A /* Resources */,
			);
			buildRules = (
			);
			dependencies = (
				DE4FF72B1C63A655004CD87A /* PBXTargetDependency */,
			);
			name = iocoredatahelperTests;
			productName = iocoredatahelperTests;
			productReference = DE4FF7281C63A655004CD87A /* iocoredatahelperTests.xctest */;
			productType = "com.apple.product-type.bundle.unit-test";
		};
		DE4FF7401C63B687004CD87A /* IO_Left_Menu */ = {
			isa = PBXNativeTarget;
			buildConfigurationList = DE4FF7521C63B688004CD87A /* Build configuration list for PBXNativeTarget "IO_Left_Menu" */;
			buildPhases = (
				DE4FF73C1C63B687004CD87A /* Sources */,
				DE4FF73D1C63B687004CD87A /* Frameworks */,
				DE4FF73E1C63B687004CD87A /* Headers */,
				DE4FF73F1C63B687004CD87A /* Resources */,
				DE4FF7581C63B82D004CD87A /* ShellScript */,
			);
			buildRules = (
			);
			dependencies = (
			);
			name = IO_Left_Menu;
			productName = ioleftmenu;
			productReference = DE4FF7411C63B688004CD87A /* IO_Left_Menu.framework */;
			productType = "com.apple.product-type.framework";
		};
		DE4FF7491C63B688004CD87A /* ioleftmenuTests */ = {
			isa = PBXNativeTarget;
			buildConfigurationList = DE4FF7551C63B688004CD87A /* Build configuration list for PBXNativeTarget "ioleftmenuTests" */;
			buildPhases = (
				DE4FF7461C63B688004CD87A /* Sources */,
				DE4FF7471C63B688004CD87A /* Frameworks */,
				DE4FF7481C63B688004CD87A /* Resources */,
			);
			buildRules = (
			);
			dependencies = (
				DE4FF74D1C63B688004CD87A /* PBXTargetDependency */,
			);
			name = ioleftmenuTests;
			productName = ioleftmenuTests;
			productReference = DE4FF74A1C63B688004CD87A /* ioleftmenuTests.xctest */;
			productType = "com.apple.product-type.bundle.unit-test";
		};
		DEE928311C629EB000326DAC /* IO_IOS_Helpers */ = {
			isa = PBXNativeTarget;
			buildConfigurationList = DEE928461C629EB000326DAC /* Build configuration list for PBXNativeTarget "IO_IOS_Helpers" */;
			buildPhases = (
				DEE9282D1C629EB000326DAC /* Sources */,
				DEE9282E1C629EB000326DAC /* Frameworks */,
				DEE9282F1C629EB000326DAC /* Headers */,
				DEE928301C629EB000326DAC /* Resources */,
				DEE92DEC1C62C83C00326DAC /* ShellScript */,
			);
			buildRules = (
			);
			dependencies = (
			);
			name = IO_IOS_Helpers;
			productName = ioshelpers;
			productReference = DEE928321C629EB000326DAC /* IO_IOS_Helpers.framework */;
			productType = "com.apple.product-type.framework";
		};
		DEE9283B1C629EB000326DAC /* ioshelpersTests */ = {
			isa = PBXNativeTarget;
			buildConfigurationList = DEE928491C629EB000326DAC /* Build configuration list for PBXNativeTarget "ioshelpersTests" */;
			buildPhases = (
				DEE928381C629EB000326DAC /* Sources */,
				DEE928391C629EB000326DAC /* Frameworks */,
				DEE9283A1C629EB000326DAC /* Resources */,
			);
			buildRules = (
			);
			dependencies = (
				DEE9283F1C629EB000326DAC /* PBXTargetDependency */,
			);
			name = ioshelpersTests;
			productName = ioshelpersTests;
			productReference = DEE9283C1C629EB000326DAC /* ioshelpersTests.xctest */;
			productType = "com.apple.product-type.bundle.unit-test";
		};
/* End PBXNativeTarget section */

/* Begin PBXProject section */
		DEE928291C629EB000326DAC /* Project object */ = {
			isa = PBXProject;
			attributes = {
				LastSwiftUpdateCheck = 0720;
				LastUpgradeCheck = 0720;
				ORGANIZATIONNAME = ilkerozcan;
				TargetAttributes = {
					DE4FF71E1C63A655004CD87A = {
						CreatedOnToolsVersion = 7.2;
					};
					DE4FF7271C63A655004CD87A = {
						CreatedOnToolsVersion = 7.2;
					};
					DE4FF7401C63B687004CD87A = {
						CreatedOnToolsVersion = 7.2;
					};
					DE4FF7491C63B688004CD87A = {
						CreatedOnToolsVersion = 7.2;
					};
					DEE928311C629EB000326DAC = {
						CreatedOnToolsVersion = 7.2;
					};
					DEE9283B1C629EB000326DAC = {
						CreatedOnToolsVersion = 7.2;
					};
				};
			};
			buildConfigurationList = DEE9282C1C629EB000326DAC /* Build configuration list for PBXProject "ioshelpers" */;
			compatibilityVersion = "Xcode 3.2";
			developmentRegion = English;
			hasScannedForEncodings = 0;
			knownRegions = (
				en,
			);
			mainGroup = DEE928281C629EB000326DAC;
			productRefGroup = DEE928331C629EB000326DAC /* Products */;
			projectDirPath = "";
			projectRoot = "";
			targets = (
				DEE928311C629EB000326DAC /* IO_IOS_Helpers */,
				DEE9283B1C629EB000326DAC /* ioshelpersTests */,
				DE4FF71E1C63A655004CD87A /* IO_CoreData_Helper */,
				DE4FF7271C63A655004CD87A /* iocoredatahelperTests */,
				DE4FF7401C63B687004CD87A /* IO_Left_Menu */,
				DE4FF7491C63B688004CD87A /* ioleftmenuTests */,
			);
		};
/* End PBXProject section */

/* Begin PBXResourcesBuildPhase section */
		DE4FF71D1C63A655004CD87A /* Resources */ = {
			isa = PBXResourcesBuildPhase;
			buildActionMask = 2147483647;
			files = (
			);
			runOnlyForDeploymentPostprocessing = 0;
		};
		DE4FF7261C63A655004CD87A /* Resources */ = {
			isa = PBXResourcesBuildPhase;
			buildActionMask = 2147483647;
			files = (
			);
			runOnlyForDeploymentPostprocessing = 0;
		};
		DE4FF73F1C63B687004CD87A /* Resources */ = {
			isa = PBXResourcesBuildPhase;
			buildActionMask = 2147483647;
			files = (
			);
			runOnlyForDeploymentPostprocessing = 0;
		};
		DE4FF7481C63B688004CD87A /* Resources */ = {
			isa = PBXResourcesBuildPhase;
			buildActionMask = 2147483647;
			files = (
			);
			runOnlyForDeploymentPostprocessing = 0;
		};
		DEE928301C629EB000326DAC /* Resources */ = {
			isa = PBXResourcesBuildPhase;
			buildActionMask = 2147483647;
			files = (
			);
			runOnlyForDeploymentPostprocessing = 0;
		};
		DEE9283A1C629EB000326DAC /* Resources */ = {
			isa = PBXResourcesBuildPhase;
			buildActionMask = 2147483647;
			files = (
				DE4FF7131C638148004CD87A /* IO_IOS_Helpers.bundle in Resources */,
			);
			runOnlyForDeploymentPostprocessing = 0;
		};
/* End PBXResourcesBuildPhase section */

/* Begin PBXShellScriptBuildPhase section */
		DE4FF7361C63A685004CD87A /* ShellScript */ = {
			isa = PBXShellScriptBuildPhase;
			buildActionMask = 2147483647;
			files = (
			);
			inputPaths = (
			);
			outputPaths = (
			);
			runOnlyForDeploymentPostprocessing = 0;
			shellPath = /bin/sh;
			shellScript = "set -e\nset +u\n# Avoid recursively calling this script.\nif [[ $SF_MASTER_SCRIPT_RUNNING ]]\nthen\nexit 0\nfi\nset -u\nexport SF_MASTER_SCRIPT_RUNNING=1\n\n\n# Constants\nSF_TARGET_NAME=${PROJECT_NAME}\nUNIVERSAL_OUTPUTFOLDER=${SRCROOT}/IO_CoreData_helper-${CONFIGURATION}-universal\n\n# Take build target\nif [[ \"$SDK_NAME\" =~ ([A-Za-z]+) ]]\nthen\nSF_SDK_PLATFORM=${BASH_REMATCH[1]}\nelse\necho \"Could not find platform name from SDK_NAME: $SDK_NAME\"\nexit 1\nfi\n\nif [[ \"$SF_SDK_PLATFORM\" = \"iphoneos\" ]]\nthen\necho \"Please choose iPhone simulator as the build target.\"\nexit 1\nfi\n\nIPHONE_DEVICE_BUILD_DIR=${BUILD_DIR}/${CONFIGURATION}-iphoneos\n\n# Build the other (non-simulator) platform\nxcodebuild -project \"${PROJECT_FILE_PATH}\" -target \"${TARGET_NAME}\" -configuration \"${CONFIGURATION}\" -sdk iphoneos BUILD_DIR=\"${BUILD_DIR}\" OBJROOT=\"${OBJROOT}\" BUILD_ROOT=\"${BUILD_ROOT}\" CONFIGURATION_BUILD_DIR=\"${IPHONE_DEVICE_BUILD_DIR}/arm64\" SYMROOT=\"${SYMROOT}\" ARCHS='arm64' VALID_ARCHS='arm64' $ACTION\n\nxcodebuild -project \"${PROJECT_FILE_PATH}\" -target \"${TARGET_NAME}\" -configuration \"${CONFIGURATION}\" -sdk iphoneos BUILD_DIR=\"${BUILD_DIR}\" OBJROOT=\"${OBJROOT}\" BUILD_ROOT=\"${BUILD_ROOT}\"  CONFIGURATION_BUILD_DIR=\"${IPHONE_DEVICE_BUILD_DIR}/armv7\" SYMROOT=\"${SYMROOT}\" ARCHS='armv7 armv7s' VALID_ARCHS='armv7 armv7s' $ACTION\n\n# Copy the framework structure to the universal folder (clean it first)\nrm -rf \"${UNIVERSAL_OUTPUTFOLDER}\"\nmkdir -p \"${UNIVERSAL_OUTPUTFOLDER}\"\ncp -R \"${BUILD_DIR}/${CONFIGURATION}-iphonesimulator/${PRODUCT_NAME}.framework\" \"${UNIVERSAL_OUTPUTFOLDER}/${PRODUCT_NAME}.framework\"\n\n# Smash them together to combine all architectures\nlipo -create  \"${BUILD_DIR}/${CONFIGURATION}-iphonesimulator/${PRODUCT_NAME}.framework/${PRODUCT_NAME}\" \"${BUILD_DIR}/${CONFIGURATION}-iphoneos/arm64/${PRODUCT_NAME}.framework/${PRODUCT_NAME}\" \"${BUILD_DIR}/${CONFIGURATION}-iphoneos/armv7/${PRODUCT_NAME}.framework/${PRODUCT_NAME}\" -output \"${UNIVERSAL_OUTPUTFOLDER}/${PRODUCT_NAME}.framework/${PRODUCT_NAME}\"";
		};
		DE4FF7581C63B82D004CD87A /* ShellScript */ = {
			isa = PBXShellScriptBuildPhase;
			buildActionMask = 2147483647;
			files = (
			);
			inputPaths = (
			);
			outputPaths = (
			);
			runOnlyForDeploymentPostprocessing = 0;
			shellPath = /bin/sh;
			shellScript = "set -e\nset +u\n# Avoid recursively calling this script.\nif [[ $SF_MASTER_SCRIPT_RUNNING ]]\nthen\nexit 0\nfi\nset -u\nexport SF_MASTER_SCRIPT_RUNNING=1\n\n\n# Constants\nSF_TARGET_NAME=${PROJECT_NAME}\nUNIVERSAL_OUTPUTFOLDER=${SRCROOT}/IO_Left_Menu-${CONFIGURATION}-universal\n\n# Take build target\nif [[ \"$SDK_NAME\" =~ ([A-Za-z]+) ]]\nthen\nSF_SDK_PLATFORM=${BASH_REMATCH[1]}\nelse\necho \"Could not find platform name from SDK_NAME: $SDK_NAME\"\nexit 1\nfi\n\nif [[ \"$SF_SDK_PLATFORM\" = \"iphoneos\" ]]\nthen\necho \"Please choose iPhone simulator as the build target.\"\nexit 1\nfi\n\nIPHONE_DEVICE_BUILD_DIR=${BUILD_DIR}/${CONFIGURATION}-iphoneos\n\n# Build the other (non-simulator) platform\nxcodebuild -project \"${PROJECT_FILE_PATH}\" -target \"${TARGET_NAME}\" -configuration \"${CONFIGURATION}\" -sdk iphoneos BUILD_DIR=\"${BUILD_DIR}\" OBJROOT=\"${OBJROOT}\" BUILD_ROOT=\"${BUILD_ROOT}\" CONFIGURATION_BUILD_DIR=\"${IPHONE_DEVICE_BUILD_DIR}/arm64\" SYMROOT=\"${SYMROOT}\" ARCHS='arm64' VALID_ARCHS='arm64' $ACTION\n\nxcodebuild -project \"${PROJECT_FILE_PATH}\" -target \"${TARGET_NAME}\" -configuration \"${CONFIGURATION}\" -sdk iphoneos BUILD_DIR=\"${BUILD_DIR}\" OBJROOT=\"${OBJROOT}\" BUILD_ROOT=\"${BUILD_ROOT}\"  CONFIGURATION_BUILD_DIR=\"${IPHONE_DEVICE_BUILD_DIR}/armv7\" SYMROOT=\"${SYMROOT}\" ARCHS='armv7 armv7s' VALID_ARCHS='armv7 armv7s' $ACTION\n\n# Copy the framework structure to the universal folder (clean it first)\nrm -rf \"${UNIVERSAL_OUTPUTFOLDER}\"\nmkdir -p \"${UNIVERSAL_OUTPUTFOLDER}\"\ncp -R \"${BUILD_DIR}/${CONFIGURATION}-iphonesimulator/${PRODUCT_NAME}.framework\" \"${UNIVERSAL_OUTPUTFOLDER}/${PRODUCT_NAME}.framework\"\n\n# Smash them together to combine all architectures\nlipo -create  \"${BUILD_DIR}/${CONFIGURATION}-iphonesimulator/${PRODUCT_NAME}.framework/${PRODUCT_NAME}\" \"${BUILD_DIR}/${CONFIGURATION}-iphoneos/arm64/${PRODUCT_NAME}.framework/${PRODUCT_NAME}\" \"${BUILD_DIR}/${CONFIGURATION}-iphoneos/armv7/${PRODUCT_NAME}.framework/${PRODUCT_NAME}\" -output \"${UNIVERSAL_OUTPUTFOLDER}/${PRODUCT_NAME}.framework/${PRODUCT_NAME}\"";
		};
		DEE92DEC1C62C83C00326DAC /* ShellScript */ = {
			isa = PBXShellScriptBuildPhase;
			buildActionMask = 2147483647;
			files = (
			);
			inputPaths = (
			);
			outputPaths = (
			);
			runOnlyForDeploymentPostprocessing = 0;
			shellPath = /bin/sh;
			shellScript = "set -e\nset +u\n# Avoid recursively calling this script.\nif [[ $SF_MASTER_SCRIPT_RUNNING ]]\nthen\nexit 0\nfi\nset -u\nexport SF_MASTER_SCRIPT_RUNNING=1\n\n\n# Constants\nSF_TARGET_NAME=${PROJECT_NAME}\nUNIVERSAL_OUTPUTFOLDER=${SRCROOT}/IO_IOS_Helpers-${CONFIGURATION}-universal\n\n# Take build target\nif [[ \"$SDK_NAME\" =~ ([A-Za-z]+) ]]\nthen\nSF_SDK_PLATFORM=${BASH_REMATCH[1]}\nelse\necho \"Could not find platform name from SDK_NAME: $SDK_NAME\"\nexit 1\nfi\n\nif [[ \"$SF_SDK_PLATFORM\" = \"iphoneos\" ]]\nthen\necho \"Please choose iPhone simulator as the build target.\"\nexit 1\nfi\n\nIPHONE_DEVICE_BUILD_DIR=${BUILD_DIR}/${CONFIGURATION}-iphoneos\n\n# Build the other (non-simulator) platform\nxcodebuild -project \"${PROJECT_FILE_PATH}\" -target \"${TARGET_NAME}\" -configuration \"${CONFIGURATION}\" -sdk iphoneos BUILD_DIR=\"${BUILD_DIR}\" OBJROOT=\"${OBJROOT}\" BUILD_ROOT=\"${BUILD_ROOT}\" CONFIGURATION_BUILD_DIR=\"${IPHONE_DEVICE_BUILD_DIR}/arm64\" SYMROOT=\"${SYMROOT}\" ARCHS='arm64' VALID_ARCHS='arm64' $ACTION\n\nxcodebuild -project \"${PROJECT_FILE_PATH}\" -target \"${TARGET_NAME}\" -configuration \"${CONFIGURATION}\" -sdk iphoneos BUILD_DIR=\"${BUILD_DIR}\" OBJROOT=\"${OBJROOT}\" BUILD_ROOT=\"${BUILD_ROOT}\"  CONFIGURATION_BUILD_DIR=\"${IPHONE_DEVICE_BUILD_DIR}/armv7\" SYMROOT=\"${SYMROOT}\" ARCHS='armv7 armv7s' VALID_ARCHS='armv7 armv7s' $ACTION\n\n# Copy the framework structure to the universal folder (clean it first)\nrm -rf \"${UNIVERSAL_OUTPUTFOLDER}\"\nmkdir -p \"${UNIVERSAL_OUTPUTFOLDER}\"\ncp -R \"${BUILD_DIR}/${CONFIGURATION}-iphonesimulator/${PRODUCT_NAME}.framework\" \"${UNIVERSAL_OUTPUTFOLDER}/${PRODUCT_NAME}.framework\"\n\n# Smash them together to combine all architectures\nlipo -create  \"${BUILD_DIR}/${CONFIGURATION}-iphonesimulator/${PRODUCT_NAME}.framework/${PRODUCT_NAME}\" \"${BUILD_DIR}/${CONFIGURATION}-iphoneos/arm64/${PRODUCT_NAME}.framework/${PRODUCT_NAME}\" \"${BUILD_DIR}/${CONFIGURATION}-iphoneos/armv7/${PRODUCT_NAME}.framework/${PRODUCT_NAME}\" -output \"${UNIVERSAL_OUTPUTFOLDER}/${PRODUCT_NAME}.framework/${PRODUCT_NAME}\"";
		};
/* End PBXShellScriptBuildPhase section */

/* Begin PBXSourcesBuildPhase section */
		DE4FF71A1C63A655004CD87A /* Sources */ = {
			isa = PBXSourcesBuildPhase;
			buildActionMask = 2147483647;
			files = (
				DE4FF73B1C63B1EF004CD87A /* IO_DataManagament.swift in Sources */,
			);
			runOnlyForDeploymentPostprocessing = 0;
		};
		DE4FF7241C63A655004CD87A /* Sources */ = {
			isa = PBXSourcesBuildPhase;
			buildActionMask = 2147483647;
			files = (
				DE4FF72E1C63A655004CD87A /* iocoredatahelperTests.swift in Sources */,
			);
			runOnlyForDeploymentPostprocessing = 0;
		};
		DE4FF73C1C63B687004CD87A /* Sources */ = {
			isa = PBXSourcesBuildPhase;
			buildActionMask = 2147483647;
			files = (
				DE4FF75E1C63B89A004CD87A /* IO_LeftMenuTableViewCell.swift in Sources */,
				DE4FF75F1C63B89B004CD87A /* IO_LeftMenuView.swift in Sources */,
				DE4FF7631C63BCD9004CD87A /* IO_NavigationControllerWithMenu.swift in Sources */,
			);
			runOnlyForDeploymentPostprocessing = 0;
		};
		DE4FF7461C63B688004CD87A /* Sources */ = {
			isa = PBXSourcesBuildPhase;
			buildActionMask = 2147483647;
			files = (
				DE4FF7501C63B688004CD87A /* ioleftmenuTests.swift in Sources */,
			);
			runOnlyForDeploymentPostprocessing = 0;
		};
		DEE9282D1C629EB000326DAC /* Sources */ = {
			isa = PBXSourcesBuildPhase;
			buildActionMask = 2147483647;
			files = (
				DEE928511C62A17600326DAC /* IO_Encryption.swift in Sources */,
				DE4FF7191C639C7F004CD87A /* IO_Timer.swift in Sources */,
				DEE928571C62A2E900326DAC /* IO_StreamReader.swift in Sources */,
				DE3908F21C67D772005A38D3 /* IO_KeyboardListener.swift in Sources */,
				DE8EF1341C63501300739B0E /* IO_MediaCaching.swift in Sources */,
				DEE928551C62A2A900326DAC /* IO_Json.swift in Sources */,
				DEE9284F1C62A0FB00326DAC /* IO_DateTime.swift in Sources */,
				DE4FF7151C638A10004CD87A /* IO_ServerSync.swift in Sources */,
				DEE928531C62A21D00326DAC /* IO_Common.swift in Sources */,
			);
			runOnlyForDeploymentPostprocessing = 0;
		};
		DEE928381C629EB000326DAC /* Sources */ = {
			isa = PBXSourcesBuildPhase;
			buildActionMask = 2147483647;
			files = (
				DEE92DD81C62C02600326DAC /* ioshelpersTests.swift in Sources */,
			);
			runOnlyForDeploymentPostprocessing = 0;
		};
/* End PBXSourcesBuildPhase section */

/* Begin PBXTargetDependency section */
		DE4FF72B1C63A655004CD87A /* PBXTargetDependency */ = {
			isa = PBXTargetDependency;
			target = DE4FF71E1C63A655004CD87A /* IO_CoreData_Helper */;
			targetProxy = DE4FF72A1C63A655004CD87A /* PBXContainerItemProxy */;
		};
		DE4FF74D1C63B688004CD87A /* PBXTargetDependency */ = {
			isa = PBXTargetDependency;
			target = DE4FF7401C63B687004CD87A /* IO_Left_Menu */;
			targetProxy = DE4FF74C1C63B688004CD87A /* PBXContainerItemProxy */;
		};
		DEE9283F1C629EB000326DAC /* PBXTargetDependency */ = {
			isa = PBXTargetDependency;
			target = DEE928311C629EB000326DAC /* IO_IOS_Helpers */;
			targetProxy = DEE9283E1C629EB000326DAC /* PBXContainerItemProxy */;
		};
/* End PBXTargetDependency section */

/* Begin XCBuildConfiguration section */
		DE4FF7311C63A655004CD87A /* Debug */ = {
			isa = XCBuildConfiguration;
			buildSettings = {
				DEFINES_MODULE = YES;
				DYLIB_COMPATIBILITY_VERSION = 1;
				DYLIB_CURRENT_VERSION = 1;
				DYLIB_INSTALL_NAME_BASE = "@rpath";
				INFOPLIST_FILE = iocoredatahelper/Info.plist;
				INSTALL_PATH = "$(LOCAL_LIBRARY_DIR)/Frameworks";
				IPHONEOS_DEPLOYMENT_TARGET = 8.2;
				LD_RUNPATH_SEARCH_PATHS = "$(inherited) @executable_path/Frameworks @loader_path/Frameworks";
				PRODUCT_BUNDLE_IDENTIFIER = com.ilker.iocoredatahelper;
				PRODUCT_NAME = "$(TARGET_NAME)";
				SKIP_INSTALL = YES;
			};
			name = Debug;
		};
		DE4FF7321C63A655004CD87A /* Release */ = {
			isa = XCBuildConfiguration;
			buildSettings = {
				DEFINES_MODULE = YES;
				DYLIB_COMPATIBILITY_VERSION = 1;
				DYLIB_CURRENT_VERSION = 1;
				DYLIB_INSTALL_NAME_BASE = "@rpath";
				GCC_OPTIMIZATION_LEVEL = 0;
				INFOPLIST_FILE = iocoredatahelper/Info.plist;
				INSTALL_PATH = "$(LOCAL_LIBRARY_DIR)/Frameworks";
				IPHONEOS_DEPLOYMENT_TARGET = 8.2;
				LD_RUNPATH_SEARCH_PATHS = "$(inherited) @executable_path/Frameworks @loader_path/Frameworks";
				PRODUCT_BUNDLE_IDENTIFIER = com.ilker.iocoredatahelper;
				PRODUCT_NAME = "$(TARGET_NAME)";
				SKIP_INSTALL = YES;
				SWIFT_OPTIMIZATION_LEVEL = "-Onone";
			};
			name = Release;
		};
		DE4FF7341C63A655004CD87A /* Debug */ = {
			isa = XCBuildConfiguration;
			buildSettings = {
				INFOPLIST_FILE = iocoredatahelperTests/Info.plist;
				LD_RUNPATH_SEARCH_PATHS = "$(inherited) @executable_path/Frameworks @loader_path/Frameworks";
				PRODUCT_BUNDLE_IDENTIFIER = com.ilker.iocoredatahelperTests;
				PRODUCT_NAME = "$(TARGET_NAME)";
			};
			name = Debug;
		};
		DE4FF7351C63A655004CD87A /* Release */ = {
			isa = XCBuildConfiguration;
			buildSettings = {
				INFOPLIST_FILE = iocoredatahelperTests/Info.plist;
				LD_RUNPATH_SEARCH_PATHS = "$(inherited) @executable_path/Frameworks @loader_path/Frameworks";
				PRODUCT_BUNDLE_IDENTIFIER = com.ilker.iocoredatahelperTests;
				PRODUCT_NAME = "$(TARGET_NAME)";
			};
			name = Release;
		};
		DE4FF7531C63B688004CD87A /* Debug */ = {
			isa = XCBuildConfiguration;
			buildSettings = {
				APPLICATION_EXTENSION_API_ONLY = NO;
				DEFINES_MODULE = YES;
				DYLIB_COMPATIBILITY_VERSION = 1;
				DYLIB_CURRENT_VERSION = 1;
				DYLIB_INSTALL_NAME_BASE = "@rpath";
				INFOPLIST_FILE = ioleftmenu/Info.plist;
				INSTALL_PATH = "$(LOCAL_LIBRARY_DIR)/Frameworks";
				IPHONEOS_DEPLOYMENT_TARGET = 8.2;
				LD_RUNPATH_SEARCH_PATHS = "$(inherited) @executable_path/Frameworks @loader_path/Frameworks";
				PRODUCT_BUNDLE_IDENTIFIER = com.ilker.ioleftmenu;
				PRODUCT_NAME = "$(TARGET_NAME)";
				SKIP_INSTALL = YES;
			};
			name = Debug;
		};
		DE4FF7541C63B688004CD87A /* Release */ = {
			isa = XCBuildConfiguration;
			buildSettings = {
				APPLICATION_EXTENSION_API_ONLY = NO;
				DEFINES_MODULE = YES;
				DYLIB_COMPATIBILITY_VERSION = 1;
				DYLIB_CURRENT_VERSION = 1;
				DYLIB_INSTALL_NAME_BASE = "@rpath";
				GCC_OPTIMIZATION_LEVEL = 0;
				INFOPLIST_FILE = ioleftmenu/Info.plist;
				INSTALL_PATH = "$(LOCAL_LIBRARY_DIR)/Frameworks";
				IPHONEOS_DEPLOYMENT_TARGET = 8.2;
				LD_RUNPATH_SEARCH_PATHS = "$(inherited) @executable_path/Frameworks @loader_path/Frameworks";
				PRODUCT_BUNDLE_IDENTIFIER = com.ilker.ioleftmenu;
				PRODUCT_NAME = "$(TARGET_NAME)";
				SKIP_INSTALL = YES;
				SWIFT_OPTIMIZATION_LEVEL = "-Onone";
			};
			name = Release;
		};
		DE4FF7561C63B688004CD87A /* Debug */ = {
			isa = XCBuildConfiguration;
			buildSettings = {
				INFOPLIST_FILE = ioleftmenuTests/Info.plist;
				LD_RUNPATH_SEARCH_PATHS = "$(inherited) @executable_path/Frameworks @loader_path/Frameworks";
				PRODUCT_BUNDLE_IDENTIFIER = com.ilker.ioleftmenuTests;
				PRODUCT_NAME = "$(TARGET_NAME)";
			};
			name = Debug;
		};
		DE4FF7571C63B688004CD87A /* Release */ = {
			isa = XCBuildConfiguration;
			buildSettings = {
				INFOPLIST_FILE = ioleftmenuTests/Info.plist;
				LD_RUNPATH_SEARCH_PATHS = "$(inherited) @executable_path/Frameworks @loader_path/Frameworks";
				PRODUCT_BUNDLE_IDENTIFIER = com.ilker.ioleftmenuTests;
				PRODUCT_NAME = "$(TARGET_NAME)";
			};
			name = Release;
		};
		DEE928441C629EB000326DAC /* Debug */ = {
			isa = XCBuildConfiguration;
			buildSettings = {
				ALWAYS_SEARCH_USER_PATHS = NO;
				CLANG_CXX_LANGUAGE_STANDARD = "gnu++0x";
				CLANG_CXX_LIBRARY = "libc++";
				CLANG_ENABLE_MODULES = YES;
				CLANG_ENABLE_OBJC_ARC = YES;
				CLANG_WARN_BOOL_CONVERSION = YES;
				CLANG_WARN_CONSTANT_CONVERSION = YES;
				CLANG_WARN_DIRECT_OBJC_ISA_USAGE = YES_ERROR;
				CLANG_WARN_EMPTY_BODY = YES;
				CLANG_WARN_ENUM_CONVERSION = YES;
				CLANG_WARN_INT_CONVERSION = YES;
				CLANG_WARN_OBJC_ROOT_CLASS = YES_ERROR;
				CLANG_WARN_UNREACHABLE_CODE = YES;
				CLANG_WARN__DUPLICATE_METHOD_MATCH = YES;
				"CODE_SIGN_IDENTITY[sdk=iphoneos*]" = "iPhone Developer";
				COPY_PHASE_STRIP = NO;
				CURRENT_PROJECT_VERSION = 1;
				DEBUG_INFORMATION_FORMAT = dwarf;
				ENABLE_STRICT_OBJC_MSGSEND = YES;
				ENABLE_TESTABILITY = YES;
				GCC_C_LANGUAGE_STANDARD = gnu99;
				GCC_DYNAMIC_NO_PIC = NO;
				GCC_NO_COMMON_BLOCKS = YES;
				GCC_OPTIMIZATION_LEVEL = 0;
				GCC_PREPROCESSOR_DEFINITIONS = (
					"DEBUG=1",
					"$(inherited)",
				);
				GCC_WARN_64_TO_32_BIT_CONVERSION = YES;
				GCC_WARN_ABOUT_RETURN_TYPE = YES_ERROR;
				GCC_WARN_UNDECLARED_SELECTOR = YES;
				GCC_WARN_UNINITIALIZED_AUTOS = YES_AGGRESSIVE;
				GCC_WARN_UNUSED_FUNCTION = YES;
				GCC_WARN_UNUSED_VARIABLE = YES;
				IPHONEOS_DEPLOYMENT_TARGET = 9.2;
				MTL_ENABLE_DEBUG_INFO = YES;
				ONLY_ACTIVE_ARCH = YES;
				SDKROOT = iphoneos;
				SWIFT_OPTIMIZATION_LEVEL = "-Onone";
				TARGETED_DEVICE_FAMILY = "1,2";
				VERSIONING_SYSTEM = "apple-generic";
				VERSION_INFO_PREFIX = "";
			};
			name = Debug;
		};
		DEE928451C629EB000326DAC /* Release */ = {
			isa = XCBuildConfiguration;
			buildSettings = {
				ALWAYS_SEARCH_USER_PATHS = NO;
				CLANG_CXX_LANGUAGE_STANDARD = "gnu++0x";
				CLANG_CXX_LIBRARY = "libc++";
				CLANG_ENABLE_MODULES = YES;
				CLANG_ENABLE_OBJC_ARC = YES;
				CLANG_WARN_BOOL_CONVERSION = YES;
				CLANG_WARN_CONSTANT_CONVERSION = YES;
				CLANG_WARN_DIRECT_OBJC_ISA_USAGE = YES_ERROR;
				CLANG_WARN_EMPTY_BODY = YES;
				CLANG_WARN_ENUM_CONVERSION = YES;
				CLANG_WARN_INT_CONVERSION = YES;
				CLANG_WARN_OBJC_ROOT_CLASS = YES_ERROR;
				CLANG_WARN_UNREACHABLE_CODE = YES;
				CLANG_WARN__DUPLICATE_METHOD_MATCH = YES;
				"CODE_SIGN_IDENTITY[sdk=iphoneos*]" = "iPhone Developer";
				COPY_PHASE_STRIP = NO;
				CURRENT_PROJECT_VERSION = 1;
				DEBUG_INFORMATION_FORMAT = "dwarf-with-dsym";
				ENABLE_NS_ASSERTIONS = NO;
				ENABLE_STRICT_OBJC_MSGSEND = YES;
				GCC_C_LANGUAGE_STANDARD = gnu99;
				GCC_NO_COMMON_BLOCKS = YES;
				GCC_WARN_64_TO_32_BIT_CONVERSION = YES;
				GCC_WARN_ABOUT_RETURN_TYPE = YES_ERROR;
				GCC_WARN_UNDECLARED_SELECTOR = YES;
				GCC_WARN_UNINITIALIZED_AUTOS = YES_AGGRESSIVE;
				GCC_WARN_UNUSED_FUNCTION = YES;
				GCC_WARN_UNUSED_VARIABLE = YES;
				IPHONEOS_DEPLOYMENT_TARGET = 9.2;
				MTL_ENABLE_DEBUG_INFO = NO;
				SDKROOT = iphoneos;
				TARGETED_DEVICE_FAMILY = "1,2";
				VALIDATE_PRODUCT = YES;
				VERSIONING_SYSTEM = "apple-generic";
				VERSION_INFO_PREFIX = "";
			};
			name = Release;
		};
		DEE928471C629EB000326DAC /* Debug */ = {
			isa = XCBuildConfiguration;
			buildSettings = {
				APPLICATION_EXTENSION_API_ONLY = NO;
				CLANG_ENABLE_MODULES = YES;
				DEFINES_MODULE = YES;
				DYLIB_COMPATIBILITY_VERSION = 1;
				DYLIB_CURRENT_VERSION = 1;
				DYLIB_INSTALL_NAME_BASE = "@rpath";
				INFOPLIST_FILE = ioshelpers/Info.plist;
				INSTALL_PATH = "$(LOCAL_LIBRARY_DIR)/Frameworks";
				IPHONEOS_DEPLOYMENT_TARGET = 8.2;
				LD_RUNPATH_SEARCH_PATHS = "$(inherited) @executable_path/Frameworks @loader_path/Frameworks";
				LIBRARY_SEARCH_PATHS = (
					"$(inherited)",
					"$(SDKROOT)/usr/lib/system",
				);
				OTHER_SWIFT_FLAGS = "-D NETWORK_DEBUG";
				PRODUCT_BUNDLE_IDENTIFIER = com.ilker.ioioshelpers;
				PRODUCT_NAME = "$(TARGET_NAME)";
				SKIP_INSTALL = YES;
				SWIFT_OBJC_BRIDGING_HEADER = "ioshelpers/IO_IOS_Helpers-Bridging.h";
				SWIFT_OPTIMIZATION_LEVEL = "-Onone";
			};
			name = Debug;
		};
		DEE928481C629EB000326DAC /* Release */ = {
			isa = XCBuildConfiguration;
			buildSettings = {
				APPLICATION_EXTENSION_API_ONLY = NO;
				CLANG_ENABLE_MODULES = YES;
				DEFINES_MODULE = YES;
				DYLIB_COMPATIBILITY_VERSION = 1;
				DYLIB_CURRENT_VERSION = 1;
				DYLIB_INSTALL_NAME_BASE = "@rpath";
				GCC_OPTIMIZATION_LEVEL = 0;
				INFOPLIST_FILE = ioshelpers/Info.plist;
				INSTALL_PATH = "$(LOCAL_LIBRARY_DIR)/Frameworks";
				IPHONEOS_DEPLOYMENT_TARGET = 8.2;
				LD_RUNPATH_SEARCH_PATHS = "$(inherited) @executable_path/Frameworks @loader_path/Frameworks";
				LIBRARY_SEARCH_PATHS = (
					"$(inherited)",
					"$(SDKROOT)/usr/lib/system",
				);
				OTHER_SWIFT_FLAGS = "-D NETWORK_DEBUG";
				PRODUCT_BUNDLE_IDENTIFIER = com.ilker.ioioshelpers;
				PRODUCT_NAME = "$(TARGET_NAME)";
				SKIP_INSTALL = YES;
				SWIFT_OBJC_BRIDGING_HEADER = "ioshelpers/IO_IOS_Helpers-Bridging.h";
				SWIFT_OPTIMIZATION_LEVEL = "-Onone";
			};
			name = Release;
		};
		DEE9284A1C629EB000326DAC /* Debug */ = {
			isa = XCBuildConfiguration;
			buildSettings = {
				CLANG_ENABLE_MODULES = YES;
				INFOPLIST_FILE = ioshelpersTests/Info.plist;
				LD_RUNPATH_SEARCH_PATHS = "$(inherited) @executable_path/Frameworks @loader_path/Frameworks";
				PRODUCT_BUNDLE_IDENTIFIER = com.ilker.ioshelpersTests;
				PRODUCT_NAME = "$(TARGET_NAME)";
				SWIFT_OPTIMIZATION_LEVEL = "-Onone";
			};
			name = Debug;
		};
		DEE9284B1C629EB000326DAC /* Release */ = {
			isa = XCBuildConfiguration;
			buildSettings = {
				CLANG_ENABLE_MODULES = YES;
				INFOPLIST_FILE = ioshelpersTests/Info.plist;
				LD_RUNPATH_SEARCH_PATHS = "$(inherited) @executable_path/Frameworks @loader_path/Frameworks";
				PRODUCT_BUNDLE_IDENTIFIER = com.ilker.ioshelpersTests;
				PRODUCT_NAME = "$(TARGET_NAME)";
			};
			name = Release;
		};
/* End XCBuildConfiguration section */

/* Begin XCConfigurationList section */
		DE4FF7301C63A655004CD87A /* Build configuration list for PBXNativeTarget "IO_CoreData_Helper" */ = {
			isa = XCConfigurationList;
			buildConfigurations = (
				DE4FF7311C63A655004CD87A /* Debug */,
				DE4FF7321C63A655004CD87A /* Release */,
			);
			defaultConfigurationIsVisible = 0;
			defaultConfigurationName = Release;
		};
		DE4FF7331C63A655004CD87A /* Build configuration list for PBXNativeTarget "iocoredatahelperTests" */ = {
			isa = XCConfigurationList;
			buildConfigurations = (
				DE4FF7341C63A655004CD87A /* Debug */,
				DE4FF7351C63A655004CD87A /* Release */,
			);
			defaultConfigurationIsVisible = 0;
			defaultConfigurationName = Release;
		};
		DE4FF7521C63B688004CD87A /* Build configuration list for PBXNativeTarget "IO_Left_Menu" */ = {
			isa = XCConfigurationList;
			buildConfigurations = (
				DE4FF7531C63B688004CD87A /* Debug */,
				DE4FF7541C63B688004CD87A /* Release */,
			);
			defaultConfigurationIsVisible = 0;
			defaultConfigurationName = Release;
		};
		DE4FF7551C63B688004CD87A /* Build configuration list for PBXNativeTarget "ioleftmenuTests" */ = {
			isa = XCConfigurationList;
			buildConfigurations = (
				DE4FF7561C63B688004CD87A /* Debug */,
				DE4FF7571C63B688004CD87A /* Release */,
			);
			defaultConfigurationIsVisible = 0;
			defaultConfigurationName = Release;
		};
		DEE9282C1C629EB000326DAC /* Build configuration list for PBXProject "ioshelpers" */ = {
			isa = XCConfigurationList;
			buildConfigurations = (
				DEE928441C629EB000326DAC /* Debug */,
				DEE928451C629EB000326DAC /* Release */,
			);
			defaultConfigurationIsVisible = 0;
			defaultConfigurationName = Release;
		};
		DEE928461C629EB000326DAC /* Build configuration list for PBXNativeTarget "IO_IOS_Helpers" */ = {
			isa = XCConfigurationList;
			buildConfigurations = (
				DEE928471C629EB000326DAC /* Debug */,
				DEE928481C629EB000326DAC /* Release */,
			);
			defaultConfigurationIsVisible = 0;
			defaultConfigurationName = Release;
		};
		DEE928491C629EB000326DAC /* Build configuration list for PBXNativeTarget "ioshelpersTests" */ = {
			isa = XCConfigurationList;
			buildConfigurations = (
				DEE9284A1C629EB000326DAC /* Debug */,
				DEE9284B1C629EB000326DAC /* Release */,
			);
			defaultConfigurationIsVisible = 0;
			defaultConfigurationName = Release;
		};
/* End XCConfigurationList section */
	};
	rootObject = DEE928291C629EB000326DAC /* Project object */;
}
